
Microsoft Visual Studio Solution File, Format Version 12.00
# Visual Studio Version 17
VisualStudioVersion = 17.3.32922.545
MinimumVisualStudioVersion = 10.0.40219.1
Project("{FAE04EC0-301F-11D3-BF4B-00C04F79EFBC}") = "Sudoku", "Sudoku.csproj", "{AEA75DDC-A42F-4136-B47C-0472EB7640F4}"
EndProject
Global
	GlobalSection(SolutionConfigurationPlatforms) = preSolution
		Debug|Any CPU = Debug|Any CPU
		Release|Any CPU = Release|Any CPU
	EndGlobalSection
	GlobalSection(ProjectConfigurationPlatforms) = postSolution
		{AEA75DDC-A42F-4136-B47C-0472EB7640F4}.Debug|Any CPU.ActiveCfg = Debug|Any CPU
		{AEA75DDC-A42F-4136-B47C-0472EB7640F4}.Debug|Any CPU.Build.0 = Debug|Any CPU
		{AEA75DDC-A42F-4136-B47C-0472EB7640F4}.Release|Any CPU.ActiveCfg = Release|Any CPU
		{AEA75DDC-A42F-4136-B47C-0472EB7640F4}.Release|Any CPU.Build.0 = Release|Any CPU
	EndGlobalSection
	GlobalSection(SolutionProperties) = preSolution
		HideSolutionNode = FALSE
	EndGlobalSection
	GlobalSection(ExtensibilityGlobals) = postSolution
		SolutionGuid = {F8697BB2-B8E4-4D66-AAAB-F0C19BB94C17}
	EndGlobalSection
EndGlobal
